Microsoft Visual Studio Solution File, Format Version 12.00
# Visual Studio Version 17
VisualStudioVersion = 17.14.36301.6
MinimumVisualStudioVersion = 10.0.40219.1
Project("{FAE04EC0-301F-11D3-BF4B-00C04F79EFBC}") = "TaskApi", "TaskApi\TaskApi.csproj", "{93CAC9A8-2A08-6E1E-2033-C9344F72219E}"
EndProject
Project("{FAE04EC0-301F-11D3-BF4B-00C04F79EFBC}") = "CombinedExample", "TestProject\CombinedExample.csproj", "{9C2BEA33-F80E-B630-E2A8-5A573B8AE1F3}"
EndProject
Global
	GlobalSection(SolutionConfigurationPlatforms) = preSolution
		Debug|Any CPU = Debug|Any CPU
		Release|Any CPU = Release|Any CPU
	EndGlobalSection
	GlobalSection(ProjectConfigurationPlatforms) = postSolution
		{93CAC9A8-2A08-6E1E-2033-C9344F72219E}.Debug|Any CPU.ActiveCfg = Debug|Any CPU
		{93CAC9A8-2A08-6E1E-2033-C9344F72219E}.Debug|Any CPU.Build.0 = Debug|Any CPU
		{93CAC9A8-2A08-6E1E-2033-C9344F72219E}.Release|Any CPU.ActiveCfg = Release|Any CPU
		{93CAC9A8-2A08-6E1E-2033-C9344F72219E}.Release|Any CPU.Build.0 = Release|Any CPU
		{9C2BEA33-F80E-B630-E2A8-5A573B8AE1F3}.Debug|Any CPU.ActiveCfg = Debug|Any CPU
		{9C2BEA33-F80E-B630-E2A8-5A573B8AE1F3}.Debug|Any CPU.Build.0 = Debug|Any CPU
		{9C2BEA33-F80E-B630-E2A8-5A573B8AE1F3}.Release|Any CPU.ActiveCfg = Release|Any CPU
		{9C2BEA33-F80E-B630-E2A8-5A573B8AE1F3}.Release|Any CPU.Build.0 = Release|Any CPU
	EndGlobalSection
	GlobalSection(SolutionProperties) = preSolution
		HideSolutionNode = FALSE
	EndGlobalSection
	GlobalSection(ExtensibilityGlobals) = postSolution
		SolutionGuid = {2B3E4DDD-6F92-440A-8B5D-EEA918487406}
	EndGlobalSection
EndGlobal
